
Microsoft Visual Studio Solution File, Format Version 12.00
# Visual Studio Version 17
VisualStudioVersion = 17.7.34009.444
MinimumVisualStudioVersion = 10.0.40219.1
Project("{FAE04EC0-301F-11D3-BF4B-00C04F79EFBC}") = "CAT.Mvc", "CAT.Mvc.csproj", "{C96A5F8B-F931-4FC7-8E5F-E824C9D65C98}"
EndProject
Global
	GlobalSection(SolutionConfigurationPlatforms) = preSolution
		Debug|Any CPU = Debug|Any CPU
		Release|Any CPU = Release|Any CPU
	EndGlobalSection
	GlobalSection(ProjectConfigurationPlatforms) = postSolution
		{C96A5F8B-F931-4FC7-8E5F-E824C9D65C98}.Debug|Any CPU.ActiveCfg = Debug|Any CPU
		{C96A5F8B-F931-4FC7-8E5F-E824C9D65C98}.Debug|Any CPU.Build.0 = Debug|Any CPU
		{C96A5F8B-F931-4FC7-8E5F-E824C9D65C98}.Release|Any CPU.ActiveCfg = Release|Any CPU
		{C96A5F8B-F931-4FC7-8E5F-E824C9D65C98}.Release|Any CPU.Build.0 = Release|Any CPU
	EndGlobalSection
	GlobalSection(SolutionProperties) = preSolution
		HideSolutionNode = FALSE
	EndGlobalSection
	GlobalSection(ExtensibilityGlobals) = postSolution
		SolutionGuid = {DBA40B47-40EA-432A-BA93-7AD6CDB442CB}
	EndGlobalSection
EndGlobal
